<?xml version="1.0" encoding="utf-8"?>
<Project ToolsVersion="4.0" xmlns="http://schemas.microsoft.com/developer/msbuild/2003">
  <ItemGroup>
    <Filter Include="Source Files">
      <UniqueIdentifier>{4FC737F1-C7A5-4376-A066-2A32D752A2FF}</UniqueIdentifier>
      <Extensions>cpp;c;cc;cxx;def;odl;idl;hpj;bat;asm;asmx</Extensions>
    </Filter>
    <Filter Include="Header Files">
      <UniqueIdentifier>{93995380-89BD-4b04-88EB-625FBE52EBFB}</UniqueIdentifier>
      <Extensions>h;hh;hpp;hxx;hm;inl;inc;xsd</Extensions>
    </Filter>
    <Filter Include="Resource Files">
      <UniqueIdentifier>{67DA6AB6-F800-4c08-8B7A-83BB121AAD01}</UniqueIdentifier>
      <Extensions>rc;ico;cur;bmp;dlg;rc2;rct;bin;rgs;gif;jpg;jpeg;jpe;resx;tiff;tif;png;wav;mfcribbon-ms</Extensions>
    </Filter>
    <Filter Include="Header Files\Obstacles">
      <UniqueIdentifier>{47d5c906-8700-4983-bdef-67327cc6cfec}</UniqueIdentifier>
    </Filter>
    <Filter Include="Source Files\Obstacles">
      <UniqueIdentifier>{b422eeb5-bdaa-42b3-aa7b-f08f242debab}</UniqueIdentifier>
    </Filter>
    <Filter Include="Header Files\Pickups">
      <UniqueIdentifier>{f400c86d-1ab0-430d-85ca-d5e5c848d671}</UniqueIdentifier>
    </Filter>
    <Filter Include="Source Files\Pickups">
      <UniqueIdentifier>{8dfb8712-0916-436c-b7e0-bf17382c36f3}</UniqueIdentifier>
    </Filter>
    <Filter Include="Source Files\Platform/Wall">
      <UniqueIdentifier>{c89f533e-1148-4c80-9a59-6d48662b51ee}</UniqueIdentifier>
    </Filter>
    <Filter Include="Source Files\Enemies">
      <UniqueIdentifier>{b04b2708-b101-4acf-a3a6-3381550e2731}</UniqueIdentifier>
    </Filter>
    <Filter Include="Header Files\Platform/Wall">
      <UniqueIdentifier>{62f7cf47-32da-4c40-a818-f18f22ed4af5}</UniqueIdentifier>
    </Filter>
    <Filter Include="Header Files\Enemies">
      <UniqueIdentifier>{92dd73a4-d534-4dfe-b339-294d1c3c0bbd}</UniqueIdentifier>
    </Filter>
  </ItemGroup>
  <ItemGroup>
    <ClCompile Include="main.cpp">
      <Filter>Source Files</Filter>
    </ClCompile>
    <ClCompile Include="stdafx.cpp">
      <Filter>Source Files</Filter>
    </ClCompile>
    <ClCompile Include="Bullet.cpp">
      <Filter>Source Files</Filter>
    </ClCompile>
    <ClCompile Include="Button.cpp">
      <Filter>Source Files</Filter>
    </ClCompile>
    <ClCompile Include="EnterNameScreen.cpp">
      <Filter>Source Files</Filter>
    </ClCompile>
    <ClCompile Include="GameOver.cpp">
      <Filter>Source Files</Filter>
    </ClCompile>
    <ClCompile Include="HealthBar.cpp">
      <Filter>Source Files</Filter>
    </ClCompile>
    <ClCompile Include="HighScoreScreen.cpp">
      <Filter>Source Files</Filter>
    </ClCompile>
    <ClCompile Include="InGameMenu.cpp">
      <Filter>Source Files</Filter>
    </ClCompile>
    <ClCompile Include="KeyBoardInput.cpp">
      <Filter>Source Files</Filter>
    </ClCompile>
    <ClCompile Include="Level.cpp">
      <Filter>Source Files</Filter>
    </ClCompile>
    <ClCompile Include="Menu.cpp">
      <Filter>Source Files</Filter>
    </ClCompile>
    <ClCompile Include="Options.cpp">
      <Filter>Source Files</Filter>
    </ClCompile>
    <ClCompile Include="Play.cpp">
      <Filter>Source Files</Filter>
    </ClCompile>
    <ClCompile Include="Player.cpp">
      <Filter>Source Files</Filter>
    </ClCompile>
    <ClCompile Include="Renderer.cpp">
      <Filter>Source Files</Filter>
    </ClCompile>
    <ClCompile Include="SoundManager.cpp">
      <Filter>Source Files</Filter>
    </ClCompile>
    <ClCompile Include="Splash.cpp">
      <Filter>Source Files</Filter>
    </ClCompile>
    <ClCompile Include="Sprite.cpp">
      <Filter>Source Files</Filter>
    </ClCompile>
    <ClCompile Include="Teleporter.cpp">
      <Filter>Source Files</Filter>
    </ClCompile>
    <ClCompile Include="Text.cpp">
      <Filter>Source Files</Filter>
    </ClCompile>
    <ClCompile Include="Timer.cpp">
      <Filter>Source Files</Filter>
    </ClCompile>
    <ClCompile Include="ElectricBarrier.cpp">
      <Filter>Source Files\Obstacles</Filter>
    </ClCompile>
    <ClCompile Include="ObstacleManager.cpp">
      <Filter>Source Files\Obstacles</Filter>
    </ClCompile>
    <ClCompile Include="Mine.cpp">
      <Filter>Source Files\Obstacles</Filter>
    </ClCompile>
    <ClCompile Include="ElectricSwitch.cpp">
      <Filter>Source Files\Obstacles</Filter>
    </ClCompile>
    <ClCompile Include="PickupManager.cpp">
      <Filter>Source Files\Pickups</Filter>
    </ClCompile>
    <ClCompile Include="Score.cpp">
      <Filter>Source Files\Pickups</Filter>
    </ClCompile>
    <ClCompile Include="Health.cpp">
      <Filter>Source Files\Pickups</Filter>
    </ClCompile>
    <ClCompile Include="Platform.cpp">
      <Filter>Source Files\Platform/Wall</Filter>
    </ClCompile>
    <ClCompile Include="PlatformManager.cpp">
      <Filter>Source Files\Platform/Wall</Filter>
    </ClCompile>
    <ClCompile Include="WallManager.cpp">
      <Filter>Source Files\Platform/Wall</Filter>
    </ClCompile>
    <ClCompile Include="Wall.cpp">
      <Filter>Source Files\Platform/Wall</Filter>
    </ClCompile>
    <ClCompile Include="Grunt.cpp">
      <Filter>Source Files\Enemies</Filter>
    </ClCompile>
    <ClCompile Include="GruntBullet.cpp">
      <Filter>Source Files\Enemies</Filter>
    </ClCompile>
    <ClCompile Include="EnemyManager.cpp">
      <Filter>Source Files\Enemies</Filter>
    </ClCompile>
    <ClCompile Include="MovingPlatform.cpp">
      <Filter>Source Files\Platform/Wall</Filter>
    </ClCompile>
    <ClCompile Include="MachineGun.cpp">
      <Filter>Source Files\Pickups</Filter>
    </ClCompile>
    <ClCompile Include="Robot.cpp">
      <Filter>Source Files\Enemies</Filter>
    </ClCompile>
    <ClCompile Include="RobotBullet.cpp">
      <Filter>Source Files\Enemies</Filter>
    </ClCompile>
    <ClCompile Include="Ammo.cpp">
      <Filter>Source Files\Pickups</Filter>
    </ClCompile>
    <ClCompile Include="Tutorial.cpp">
      <Filter>Source Files</Filter>
    </ClCompile>
    <ClCompile Include="GameWon.cpp">
      <Filter>Source Files</Filter>
    </ClCompile>
    <ClCompile Include="Raycast.cpp">
      <Filter>Source Files</Filter>
    </ClCompile>
    <ClCompile Include="NoRayPlatform.cpp">
      <Filter>Source Files\Platform/Wall</Filter>
    </ClCompile>
  </ItemGroup>
  <ItemGroup>
    <ClInclude Include="stdafx.h">
      <Filter>Header Files</Filter>
    </ClInclude>
    <ClInclude Include="targetver.h">
      <Filter>Header Files</Filter>
    </ClInclude>
    <ClInclude Include="Bullet.h">
      <Filter>Header Files</Filter>
    </ClInclude>
    <ClInclude Include="Button.h">
      <Filter>Header Files</Filter>
    </ClInclude>
    <ClInclude Include="EnterNameScreen.h">
      <Filter>Header Files</Filter>
    </ClInclude>
    <ClInclude Include="GameOver.h">
      <Filter>Header Files</Filter>
    </ClInclude>
    <ClInclude Include="HealthBar.h">
      <Filter>Header Files</Filter>
    </ClInclude>
    <ClInclude Include="HighScoreScreen.h">
      <Filter>Header Files</Filter>
    </ClInclude>
    <ClInclude Include="InGameMenu.h">
      <Filter>Header Files</Filter>
    </ClInclude>
    <ClInclude Include="KeyBoardInput.h">
      <Filter>Header Files</Filter>
    </ClInclude>
    <ClInclude Include="Level.h">
      <Filter>Header Files</Filter>
    </ClInclude>
    <ClInclude Include="Menu.h">
      <Filter>Header Files</Filter>
    </ClInclude>
    <ClInclude Include="Options.h">
      <Filter>Header Files</Filter>
    </ClInclude>
    <ClInclude Include="Play.h">
      <Filter>Header Files</Filter>
    </ClInclude>
    <ClInclude Include="Player.h">
      <Filter>Header Files</Filter>
    </ClInclude>
    <ClInclude Include="Renderer.h">
      <Filter>Header Files</Filter>
    </ClInclude>
    <ClInclude Include="SoundManager.h">
      <Filter>Header Files</Filter>
    </ClInclude>
    <ClInclude Include="Splash.h">
      <Filter>Header Files</Filter>
    </ClInclude>
    <ClInclude Include="Sprite.h">
      <Filter>Header Files</Filter>
    </ClInclude>
    <ClInclude Include="Teleporter.h">
      <Filter>Header Files</Filter>
    </ClInclude>
    <ClInclude Include="Text.h">
      <Filter>Header Files</Filter>
    </ClInclude>
    <ClInclude Include="Timer.h">
      <Filter>Header Files</Filter>
    </ClInclude>
    <ClInclude Include="Mine.h">
      <Filter>Header Files\Obstacles</Filter>
    </ClInclude>
    <ClInclude Include="ObstacleManager.h">
      <Filter>Header Files\Obstacles</Filter>
    </ClInclude>
    <ClInclude Include="ElectricBarrier.h">
      <Filter>Header Files\Obstacles</Filter>
    </ClInclude>
    <ClInclude Include="ElectricSwitch.h">
      <Filter>Header Files\Obstacles</Filter>
    </ClInclude>
    <ClInclude Include="PickupManager.h">
      <Filter>Header Files\Pickups</Filter>
    </ClInclude>
    <ClInclude Include="Health.h">
      <Filter>Header Files\Pickups</Filter>
    </ClInclude>
    <ClInclude Include="Score.h">
      <Filter>Header Files\Pickups</Filter>
    </ClInclude>
    <ClInclude Include="Platform.h">
      <Filter>Header Files\Platform/Wall</Filter>
    </ClInclude>
    <ClInclude Include="PlatformManager.h">
      <Filter>Header Files\Platform/Wall</Filter>
    </ClInclude>
    <ClInclude Include="WallManager.h">
      <Filter>Header Files\Platform/Wall</Filter>
    </ClInclude>
    <ClInclude Include="Wall.h">
      <Filter>Header Files\Platform/Wall</Filter>
    </ClInclude>
    <ClInclude Include="EnemyManager.h">
      <Filter>Header Files\Enemies</Filter>
    </ClInclude>
    <ClInclude Include="Grunt.h">
      <Filter>Header Files\Enemies</Filter>
    </ClInclude>
    <ClInclude Include="GruntBullet.h">
      <Filter>Header Files\Enemies</Filter>
    </ClInclude>
    <ClInclude Include="MovingPlatform.h">
      <Filter>Header Files\Platform/Wall</Filter>
    </ClInclude>
    <ClInclude Include="MachineGun.h">
      <Filter>Header Files\Pickups</Filter>
    </ClInclude>
    <ClInclude Include="Robot.h">
      <Filter>Header Files\Enemies</Filter>
    </ClInclude>
    <ClInclude Include="RobotBullet.h">
      <Filter>Header Files\Enemies</Filter>
    </ClInclude>
    <ClInclude Include="Ammo.h">
      <Filter>Header Files\Pickups</Filter>
    </ClInclude>
    <ClInclude Include="Tutorial.h">
      <Filter>Header Files</Filter>
    </ClInclude>
    <ClInclude Include="GameWon.h">
      <Filter>Header Files</Filter>
    </ClInclude>
    <ClInclude Include="Raycast.h">
      <Filter>Header Files</Filter>
    </ClInclude>
    <ClInclude Include="NoRayPlatform.h">
      <Filter>Header Files\Platform/Wall</Filter>
    </ClInclude>
  </ItemGroup>
</Project>